{
  "version": 4,
  "terraform_version": "0.15.1",
  "serial": 23,
  "lineage": "a91b8a4f-e588-1945-b810-b38c57d77a0c",
  "outputs": {
    "role_arn": {
      "value": "arn:aws:iam::751555341958:role/stsrole",
      "type": "string"
    }
  },
  "resources": [
    {
      "mode": "data",
      "type": "aws_iam_policy_document",
      "name": "sts",
      "provider": "provider[\"registry.terraform.io/hashicorp/aws\"]",
      "instances": [
        {
          "schema_version": 0,
          "attributes": {
            "id": "1811682259",
            "json": "{\n  \"Version\": \"2012-10-17\",\n  \"Statement\": [\n    {\n      \"Sid\": \"\",\n      \"Effect\": \"Allow\",\n      \"Action\": \"sts:AssumeRole\",\n      \"Principal\": {\n        \"AWS\": \"arn:aws:iam::751555341958:user/Shlagha.sharma\"\n      }\n    }\n  ]\n}",
            "override_json": null,
            "override_policy_documents": null,
            "policy_id": null,
            "source_json": null,
            "source_policy_documents": null,
            "statement": [
              {
                "actions": [
                  "sts:AssumeRole"
                ],
                "condition": [],
                "effect": "Allow",
                "not_actions": [],
                "not_principals": [],
                "not_resources": [],
                "principals": [
                  {
                    "identifiers": [
                      "arn:aws:iam::751555341958:user/Shlagha.sharma"
                    ],
                    "type": "AWS"
                  }
                ],
                "resources": [],
                "sid": ""
              }
            ],
            "version": "2012-10-17"
          },
          "sensitive_attributes": []
        }
      ]
    },
    {
      "mode": "managed",
      "type": "aws_iam_policy",
      "name": "sts-policy",
      "provider": "provider[\"registry.terraform.io/hashicorp/aws\"]",
      "instances": []
    },
    {
      "mode": "managed",
      "type": "aws_iam_policy",
      "name": "sts-role-policy",
      "provider": "provider[\"registry.terraform.io/hashicorp/aws\"]",
      "instances": [
        {
          "schema_version": 0,
          "attributes": {
            "arn": "arn:aws:iam::751555341958:policy/sts-role-policy",
            "description": "",
            "id": "arn:aws:iam::751555341958:policy/sts-role-policy",
            "name": "sts-role-policy",
            "name_prefix": null,
            "path": "/",
            "policy": "{\"Statement\":[{\"Action\":\"*\",\"Condition\":{\"StringEquals\":{\"aws:RequestedRegion\":\"us-west-1\"}},\"Effect\":\"Allow\",\"Resource\":\"*\"},{\"Action\":\"ec2:*\",\"Condition\":{\"StringEquals\":{\"aws:RequestedRegion\":\"us-west-1\"}},\"Effect\":\"Allow\",\"Resource\":\"*\"},{\"Action\":\"elasticbeanstalk:*\",\"Condition\":{\"StringEquals\":{\"aws:RequestedRegion\":\"us-west-1\"}},\"Effect\":\"Allow\",\"Resource\":\"*\"},{\"Action\":\"iam:*\",\"Condition\":{\"StringEquals\":{\"aws:RequestedRegion\":\"us-west-2\"}},\"Effect\":\"Allow\",\"Resource\":\"*\"},{\"Action\":\"s3:*\",\"Condition\":{\"StringEquals\":{\"aws:RequestedRegion\":\"us-west-2\"}},\"Effect\":\"Allow\",\"Resource\":\"*\"}],\"Version\":\"2012-10-17\"}",
            "policy_id": "ANPA257BQN2DA35QILRHG",
            "tags": {},
            "tags_all": {}
          },
          "sensitive_attributes": [],
          "private": "bnVsbA=="
        }
      ]
    },
    {
      "mode": "managed",
      "type": "aws_iam_role",
      "name": "sts-role",
      "provider": "provider[\"registry.terraform.io/hashicorp/aws\"]",
      "instances": [
        {
          "schema_version": 0,
          "attributes": {
            "arn": "arn:aws:iam::751555341958:role/sts-role",
            "assume_role_policy": "{\"Version\":\"2012-10-17\",\"Statement\":[{\"Sid\":\"\",\"Effect\":\"Allow\",\"Principal\":{\"AWS\":\"arn:aws:iam::751555341958:user/Shlagha.sharma\"},\"Action\":\"sts:AssumeRole\"}]}",
            "create_date": "2022-05-21T21:35:44Z",
            "description": "",
            "force_detach_policies": false,
            "id": "sts-role",
            "inline_policy": [
              {
                "name": "sts-role-policy",
                "policy": "{\"Statement\":[{\"Action\":\"ec2:*\",\"Effect\":\"Allow\",\"Resource\":\"*\"},{\"Action\":\"elasticbeanstalk:*\",\"Condition\":{\"StringEquals\":{\"aws:RequestedRegion\":\"us-east-2\"}},\"Effect\":\"Allow\",\"Resource\":\"*\"},{\"Action\":\"iam:*\",\"Effect\":\"Allow\",\"Resource\":\"*\"},{\"Action\":\"s3:*\",\"Effect\":\"Allow\",\"Resource\":\"*\"}],\"Version\":\"2012-10-17\"}"
              }
            ],
            "managed_policy_arns": [
              "arn:aws:iam::751555341958:policy/sts-role-policy"
            ],
            "max_session_duration": 3600,
            "name": "sts-role",
            "name_prefix": "",
            "path": "/",
            "permissions_boundary": null,
            "tags": {},
            "tags_all": {},
            "unique_id": "AROA257BQN2DKD5FDA2ZO"
          },
          "sensitive_attributes": [],
          "private": "bnVsbA==",
          "dependencies": [
            "data.aws_iam_policy_document.sts"
          ]
        }
      ]
    },
    {
      "mode": "managed",
      "type": "aws_iam_role",
      "name": "stsrole",
      "provider": "provider[\"registry.terraform.io/hashicorp/aws\"]",
      "instances": [
        {
          "schema_version": 0,
          "attributes": {
            "arn": "arn:aws:iam::751555341958:role/stsrole",
            "assume_role_policy": "{\"Version\":\"2012-10-17\",\"Statement\":[{\"Sid\":\"\",\"Effect\":\"Allow\",\"Principal\":{\"AWS\":\"arn:aws:iam::751555341958:user/Shlagha.sharma\"},\"Action\":\"sts:AssumeRole\"}]}",
            "create_date": "2022-05-21T23:00:34Z",
            "description": "",
            "force_detach_policies": false,
            "id": "stsrole",
            "inline_policy": [
              {
                "name": "",
                "policy": ""
              }
            ],
            "managed_policy_arns": [],
            "max_session_duration": 3600,
            "name": "stsrole",
            "name_prefix": "",
            "path": "/",
            "permissions_boundary": null,
            "tags": {},
            "tags_all": {},
            "unique_id": "AROA257BQN2DOKRTTY5QL"
          },
          "sensitive_attributes": [],
          "private": "bnVsbA==",
          "dependencies": [
            "data.aws_iam_policy_document.sts"
          ]
        }
      ]
    },
    {
      "mode": "managed",
      "type": "aws_iam_role_policy",
      "name": "sts-role-policy",
      "provider": "provider[\"registry.terraform.io/hashicorp/aws\"]",
      "instances": [
        {
          "schema_version": 0,
          "attributes": {
            "id": "sts-role:sts-role-policy",
            "name": "sts-role-policy",
            "name_prefix": null,
            "policy": "{\"Statement\":[{\"Action\":\"ec2:*\",\"Effect\":\"Allow\",\"Resource\":\"*\"},{\"Action\":\"elasticbeanstalk:*\",\"Condition\":{\"StringEquals\":{\"aws:RequestedRegion\":\"us-east-2\"}},\"Effect\":\"Allow\",\"Resource\":\"*\"},{\"Action\":\"iam:*\",\"Effect\":\"Allow\",\"Resource\":\"*\"},{\"Action\":\"s3:*\",\"Effect\":\"Allow\",\"Resource\":\"*\"}],\"Version\":\"2012-10-17\"}",
            "role": "sts-role"
          },
          "sensitive_attributes": [],
          "private": "bnVsbA==",
          "dependencies": [
            "aws_iam_role.sts-role",
            "data.aws_iam_policy_document.sts"
          ]
        }
      ]
    },
    {
      "mode": "managed",
      "type": "aws_iam_role_policy_attachment",
      "name": "role-policy-attach",
      "provider": "provider[\"registry.terraform.io/hashicorp/aws\"]",
      "instances": []
    },
    {
      "mode": "managed",
      "type": "aws_iam_role_policy_attachment",
      "name": "test-attach",
      "provider": "provider[\"registry.terraform.io/hashicorp/aws\"]",
      "instances": [
        {
          "schema_version": 0,
          "attributes": {
            "id": "sts-role-20220521225220567900000001",
            "policy_arn": "arn:aws:iam::751555341958:policy/sts-role-policy",
            "role": "sts-role"
          },
          "sensitive_attributes": [],
          "private": "bnVsbA==",
          "dependencies": [
            "aws_iam_policy.sts-role-policy",
            "aws_iam_policy.sts-policy",
            "aws_iam_role.sts-role",
            "data.aws_iam_policy_document.sts"
          ]
        }
      ]
    }
  ]
}
